[{<<"cmn_service">>,
  {git,"https://github.com/joq62/cmn_service.git",
       {ref,"7d423ca66edceae2f3a8870c4354d604a57a9576"}},
  0},
 {<<"log_service">>,
  {git,"https://github.com/joq62/log_service.git",
       {ref,"0939a320318000109b3f56b5c1527af111e8939f"}},
  0},
 {<<"sd_service">>,
  {git,"https://github.com/joq62/sd_service.git",
       {ref,"a99d95db6ed855704b3fa4d2da1ef52cc2628536"}},
  0}].
